{
  "name": "static-site",
  "version": "1.0.0",
  "lockfileVersion": 1,
  "requires": true,
  "dependencies": {
    "badges": {
      "version": "4.0.0",
      "resolved": "https://registry.npmjs.org/badges/-/badges-4.0.0.tgz",
      "integrity": "sha512-zPir3I0mMtoCv6o+RL2uIVh3T5duWS0/wfQMQnIWQfv0jiFiFA5P14gdaFYzfOZQqSK818pqc2uVstFD2pNAew=="
    }
  }
}
